PODS:
  - FBSnapshotTestCase/Core (2.1.4)
  - NVMImageMaker (0.1.2)

DEPENDENCIES:
  - FBSnapshotTestCase/Core
  - NVMImageMaker (from `../`)

EXTERNAL SOURCES:
  NVMImageMaker:
    :path: ../

SPEC CHECKSUMS:
  FBSnapshotTestCase: 094f9f314decbabe373b87cc339bea235a63e07a
  NVMImageMaker: d723d8623655ee723aa4c782679e1bc4c3d98b0f

PODFILE CHECKSUM: b08e8f64728e9c402fca97d2a0564bac3ccee361

COCOAPODS: 1.3.1
